{
  "name": "@webfruits/toolbox",
  "version": "0.1.4",
  "lockfileVersion": 1,
  "requires": true,
  "dependencies": {
    "@webfruits/core": {
      "version": "0.1.6",
      "resolved": "https://registry.npmjs.org/@webfruits/core/-/core-0.1.6.tgz",
      "integrity": "sha512-+qpqxGIe8xspUTwY6s4X8VWAFqhmmVf/XwGdHeIa9P8j1tnu0YSXh+ude90H89vudAP5lFk1Iut/fVNU+sxPRA=="
    },
    "typescript": {
      "version": "3.4.1",
      "resolved": "https://registry.npmjs.org/typescript/-/typescript-3.4.1.tgz",
      "integrity": "sha512-3NSMb2VzDQm8oBTLH6Nj55VVtUEpe/rgkIzMir0qVoLyjDZlnMBva0U6vDiV3IH+sl/Yu6oP5QwsAQtHPmDd2Q==",
      "dev": true
    }
  }
}
