{
  "name": "@webfruits/toolbox",
  "version": "0.1.17",
  "lockfileVersion": 1,
  "requires": true,
  "dependencies": {
    "@webfruits/core": {
      "version": "0.1.14",
      "resolved": "https://registry.npmjs.org/@webfruits/core/-/core-0.1.14.tgz",
      "integrity": "sha512-7q5lqIw7VYLqf+8PdQT2FC7fmsRZQMxRcVQfdlihdbI3M8T+0GRY3gtuWsErTjjnaxEM6fjrgUcIP7w7USzq1Q=="
    },
    "typescript": {
      "version": "3.4.5",
      "resolved": "https://registry.npmjs.org/typescript/-/typescript-3.4.5.tgz",
      "integrity": "sha512-YycBxUb49UUhdNMU5aJ7z5Ej2XGmaIBL0x34vZ82fn3hGvD+bgrMrVDpatgz2f7YxUMJxMkbWxJZeAvDxVe7Vw==",
      "dev": true
    }
  }
}
