{
  "name": "@webfruits/toolbox",
  "version": "0.1.22",
  "lockfileVersion": 1,
  "requires": true,
  "dependencies": {
    "@webfruits/core": {
      "version": "0.1.19",
      "resolved": "https://registry.npmjs.org/@webfruits/core/-/core-0.1.19.tgz",
      "integrity": "sha512-khxtzZ+ZXsBh9MKkImfGQPnhbB8QcFsfZndar47GGp+hQvDchuevlkiXZv4lp0au3h0QRnmlAvUA2XWSosimwA=="
    },
    "typescript": {
      "version": "3.7.5",
      "resolved": "https://registry.npmjs.org/typescript/-/typescript-3.7.5.tgz",
      "integrity": "sha512-/P5lkRXkWHNAbcJIiHPfRoKqyd7bsyCma1hZNUGfn20qm64T6ZBlrzprymeu918H+mB/0rIg2gGK/BXkhhYgBw==",
      "dev": true
    }
  }
}
